
Microsoft Visual Studio Solution File, Format Version 12.00
# Visual Studio Version 17
VisualStudioVersion = 17.0.32112.339
MinimumVisualStudioVersion = 10.0.40219.1
Project("{FAE04EC0-301F-11D3-BF4B-00C04F79EFBC}") = "Tehtävä 8.3", "Tehtävä 8.3\Tehtävä 8.3.csproj", "{67CA2379-6A88-4F27-BB2D-DC27CB044F0F}"
EndProject
Global
	GlobalSection(SolutionConfigurationPlatforms) = preSolution
		Debug|Any CPU = Debug|Any CPU
		Release|Any CPU = Release|Any CPU
	EndGlobalSection
	GlobalSection(ProjectConfigurationPlatforms) = postSolution
		{67CA2379-6A88-4F27-BB2D-DC27CB044F0F}.Debug|Any CPU.ActiveCfg = Debug|Any CPU
		{67CA2379-6A88-4F27-BB2D-DC27CB044F0F}.Debug|Any CPU.Build.0 = Debug|Any CPU
		{67CA2379-6A88-4F27-BB2D-DC27CB044F0F}.Release|Any CPU.ActiveCfg = Release|Any CPU
		{67CA2379-6A88-4F27-BB2D-DC27CB044F0F}.Release|Any CPU.Build.0 = Release|Any CPU
	EndGlobalSection
	GlobalSection(SolutionProperties) = preSolution
		HideSolutionNode = FALSE
	EndGlobalSection
	GlobalSection(ExtensibilityGlobals) = postSolution
		SolutionGuid = {70BAA987-85AE-4265-9E3C-FDE122E82F46}
	EndGlobalSection
EndGlobal
