
Microsoft Visual Studio Solution File, Format Version 12.00
# Visual Studio Version 17
VisualStudioVersion = 17.3.32922.545
MinimumVisualStudioVersion = 10.0.40219.1
Project("{FAE04EC0-301F-11D3-BF4B-00C04F79EFBC}") = "Tehtävä8 Roomlaiset nro.", "..\Tehtävä8 Roomlaiset nro\Tehtävä8 Roomlaiset nro\Tehtävä8 Roomlaiset nro..csproj", "{526DE5DC-39AC-4E72-B4A1-527418B3BCFE}"
EndProject
Global
	GlobalSection(SolutionConfigurationPlatforms) = preSolution
		Debug|Any CPU = Debug|Any CPU
		Release|Any CPU = Release|Any CPU
	EndGlobalSection
	GlobalSection(ProjectConfigurationPlatforms) = postSolution
		{526DE5DC-39AC-4E72-B4A1-527418B3BCFE}.Debug|Any CPU.ActiveCfg = Debug|Any CPU
		{526DE5DC-39AC-4E72-B4A1-527418B3BCFE}.Debug|Any CPU.Build.0 = Debug|Any CPU
		{526DE5DC-39AC-4E72-B4A1-527418B3BCFE}.Release|Any CPU.ActiveCfg = Release|Any CPU
		{526DE5DC-39AC-4E72-B4A1-527418B3BCFE}.Release|Any CPU.Build.0 = Release|Any CPU
	EndGlobalSection
	GlobalSection(SolutionProperties) = preSolution
		HideSolutionNode = FALSE
	EndGlobalSection
	GlobalSection(ExtensibilityGlobals) = postSolution
		SolutionGuid = {5A74E41F-958F-44E1-BAC1-84AB4005E262}
	EndGlobalSection
EndGlobal
