
Microsoft Visual Studio Solution File, Format Version 12.00
# Visual Studio Version 17
VisualStudioVersion = 17.0.32112.339
MinimumVisualStudioVersion = 10.0.40219.1
Project("{FAE04EC0-301F-11D3-BF4B-00C04F79EFBC}") = "Tehtävä 16.2 Arvosana", "Tehtävä 16.2 Arvosana\Tehtävä 16.2 Arvosana.csproj", "{4F21E33C-EBA8-44BD-A14A-F56AA55DB6C3}"
EndProject
Global
	GlobalSection(SolutionConfigurationPlatforms) = preSolution
		Debug|Any CPU = Debug|Any CPU
		Release|Any CPU = Release|Any CPU
	EndGlobalSection
	GlobalSection(ProjectConfigurationPlatforms) = postSolution
		{4F21E33C-EBA8-44BD-A14A-F56AA55DB6C3}.Debug|Any CPU.ActiveCfg = Debug|Any CPU
		{4F21E33C-EBA8-44BD-A14A-F56AA55DB6C3}.Debug|Any CPU.Build.0 = Debug|Any CPU
		{4F21E33C-EBA8-44BD-A14A-F56AA55DB6C3}.Release|Any CPU.ActiveCfg = Release|Any CPU
		{4F21E33C-EBA8-44BD-A14A-F56AA55DB6C3}.Release|Any CPU.Build.0 = Release|Any CPU
	EndGlobalSection
	GlobalSection(SolutionProperties) = preSolution
		HideSolutionNode = FALSE
	EndGlobalSection
	GlobalSection(ExtensibilityGlobals) = postSolution
		SolutionGuid = {0E818AD9-E770-447E-825E-96235458DDF0}
	EndGlobalSection
EndGlobal
