
Microsoft Visual Studio Solution File, Format Version 12.00
# Visual Studio Version 17
VisualStudioVersion = 17.4.33110.190
MinimumVisualStudioVersion = 10.0.40219.1
Project("{FAE04EC0-301F-11D3-BF4B-00C04F79EFBC}") = "Omaproj.", "..\Omaproj\Omaproj\Omaproj..csproj", "{F0CFBA98-8D2D-4BB3-B4F4-12EC2CACB9FA}"
EndProject
Global
	GlobalSection(SolutionConfigurationPlatforms) = preSolution
		Debug|Any CPU = Debug|Any CPU
		Release|Any CPU = Release|Any CPU
	EndGlobalSection
	GlobalSection(ProjectConfigurationPlatforms) = postSolution
		{F0CFBA98-8D2D-4BB3-B4F4-12EC2CACB9FA}.Debug|Any CPU.ActiveCfg = Debug|Any CPU
		{F0CFBA98-8D2D-4BB3-B4F4-12EC2CACB9FA}.Debug|Any CPU.Build.0 = Debug|Any CPU
		{F0CFBA98-8D2D-4BB3-B4F4-12EC2CACB9FA}.Release|Any CPU.ActiveCfg = Release|Any CPU
		{F0CFBA98-8D2D-4BB3-B4F4-12EC2CACB9FA}.Release|Any CPU.Build.0 = Release|Any CPU
	EndGlobalSection
	GlobalSection(SolutionProperties) = preSolution
		HideSolutionNode = FALSE
	EndGlobalSection
	GlobalSection(ExtensibilityGlobals) = postSolution
		SolutionGuid = {41259DEB-6E55-40CC-B71B-F40F61112EE3}
	EndGlobalSection
EndGlobal
