
Microsoft Visual Studio Solution File, Format Version 12.00
# Visual Studio Version 17
VisualStudioVersion = 17.3.32819.101
MinimumVisualStudioVersion = 10.0.40219.1
Project("{FAE04EC0-301F-11D3-BF4B-00C04F79EFBC}") = "Harjoitus E", "Harjoitus E\Harjoitus E.csproj", "{4072C6E3-71FB-431B-A8B4-0215338D4232}"
EndProject
Global
	GlobalSection(SolutionConfigurationPlatforms) = preSolution
		Debug|Any CPU = Debug|Any CPU
		Release|Any CPU = Release|Any CPU
	EndGlobalSection
	GlobalSection(ProjectConfigurationPlatforms) = postSolution
		{4072C6E3-71FB-431B-A8B4-0215338D4232}.Debug|Any CPU.ActiveCfg = Debug|Any CPU
		{4072C6E3-71FB-431B-A8B4-0215338D4232}.Debug|Any CPU.Build.0 = Debug|Any CPU
		{4072C6E3-71FB-431B-A8B4-0215338D4232}.Release|Any CPU.ActiveCfg = Release|Any CPU
		{4072C6E3-71FB-431B-A8B4-0215338D4232}.Release|Any CPU.Build.0 = Release|Any CPU
	EndGlobalSection
	GlobalSection(SolutionProperties) = preSolution
		HideSolutionNode = FALSE
	EndGlobalSection
	GlobalSection(ExtensibilityGlobals) = postSolution
		SolutionGuid = {F9E694C9-59E0-4A46-AF8D-C428729BB256}
	EndGlobalSection
EndGlobal
