
Microsoft Visual Studio Solution File, Format Version 12.00
# Visual Studio Version 17
VisualStudioVersion = 17.0.32112.339
MinimumVisualStudioVersion = 10.0.40219.1
Project("{FAE04EC0-301F-11D3-BF4B-00C04F79EFBC}") = "Harjoitus B.1", "Harjoitus B.1\Harjoitus B.1.csproj", "{669ADDDF-382B-4A2F-AC9C-D4CEB2F171E0}"
EndProject
Global
	GlobalSection(SolutionConfigurationPlatforms) = preSolution
		Debug|Any CPU = Debug|Any CPU
		Release|Any CPU = Release|Any CPU
	EndGlobalSection
	GlobalSection(ProjectConfigurationPlatforms) = postSolution
		{669ADDDF-382B-4A2F-AC9C-D4CEB2F171E0}.Debug|Any CPU.ActiveCfg = Debug|Any CPU
		{669ADDDF-382B-4A2F-AC9C-D4CEB2F171E0}.Debug|Any CPU.Build.0 = Debug|Any CPU
		{669ADDDF-382B-4A2F-AC9C-D4CEB2F171E0}.Release|Any CPU.ActiveCfg = Release|Any CPU
		{669ADDDF-382B-4A2F-AC9C-D4CEB2F171E0}.Release|Any CPU.Build.0 = Release|Any CPU
	EndGlobalSection
	GlobalSection(SolutionProperties) = preSolution
		HideSolutionNode = FALSE
	EndGlobalSection
	GlobalSection(ExtensibilityGlobals) = postSolution
		SolutionGuid = {8775B9BF-7307-49C7-BF80-7D48263E6EC9}
	EndGlobalSection
EndGlobal
