
Microsoft Visual Studio Solution File, Format Version 12.00
# Visual Studio Version 17
VisualStudioVersion = 17.0.32112.339
MinimumVisualStudioVersion = 10.0.40219.1
Project("{FAE04EC0-301F-11D3-BF4B-00C04F79EFBC}") = "Tehtävä 5.2 Käyttäjän iän määritys", "Tehtävä 5.2 Käyttäjän iän määritys\Tehtävä 5.2 Käyttäjän iän määritys.csproj", "{B94518F3-ACA4-400D-8DD9-77D801A99D4E}"
EndProject
Global
	GlobalSection(SolutionConfigurationPlatforms) = preSolution
		Debug|Any CPU = Debug|Any CPU
		Release|Any CPU = Release|Any CPU
	EndGlobalSection
	GlobalSection(ProjectConfigurationPlatforms) = postSolution
		{B94518F3-ACA4-400D-8DD9-77D801A99D4E}.Debug|Any CPU.ActiveCfg = Debug|Any CPU
		{B94518F3-ACA4-400D-8DD9-77D801A99D4E}.Debug|Any CPU.Build.0 = Debug|Any CPU
		{B94518F3-ACA4-400D-8DD9-77D801A99D4E}.Release|Any CPU.ActiveCfg = Release|Any CPU
		{B94518F3-ACA4-400D-8DD9-77D801A99D4E}.Release|Any CPU.Build.0 = Release|Any CPU
	EndGlobalSection
	GlobalSection(SolutionProperties) = preSolution
		HideSolutionNode = FALSE
	EndGlobalSection
	GlobalSection(ExtensibilityGlobals) = postSolution
		SolutionGuid = {77BEAD49-5023-4616-8B9F-799642DE32E8}
	EndGlobalSection
EndGlobal
