
Microsoft Visual Studio Solution File, Format Version 12.00
# Visual Studio Version 17
VisualStudioVersion = 17.0.32112.339
MinimumVisualStudioVersion = 10.0.40219.1
Project("{FAE04EC0-301F-11D3-BF4B-00C04F79EFBC}") = "Tehtävä 7.3 Lukupyramidi", "Tehtävä 7.3 Lukupyramidi\Tehtävä 7.3 Lukupyramidi.csproj", "{4699A1BB-AA51-4BDD-9CEC-7F689082815F}"
EndProject
Global
	GlobalSection(SolutionConfigurationPlatforms) = preSolution
		Debug|Any CPU = Debug|Any CPU
		Release|Any CPU = Release|Any CPU
	EndGlobalSection
	GlobalSection(ProjectConfigurationPlatforms) = postSolution
		{4699A1BB-AA51-4BDD-9CEC-7F689082815F}.Debug|Any CPU.ActiveCfg = Debug|Any CPU
		{4699A1BB-AA51-4BDD-9CEC-7F689082815F}.Debug|Any CPU.Build.0 = Debug|Any CPU
		{4699A1BB-AA51-4BDD-9CEC-7F689082815F}.Release|Any CPU.ActiveCfg = Release|Any CPU
		{4699A1BB-AA51-4BDD-9CEC-7F689082815F}.Release|Any CPU.Build.0 = Release|Any CPU
	EndGlobalSection
	GlobalSection(SolutionProperties) = preSolution
		HideSolutionNode = FALSE
	EndGlobalSection
	GlobalSection(ExtensibilityGlobals) = postSolution
		SolutionGuid = {843B76C2-78DD-464B-B02C-98EBDB4ECA96}
	EndGlobalSection
EndGlobal
