
Microsoft Visual Studio Solution File, Format Version 12.00
# Visual Studio Version 17
VisualStudioVersion = 17.4.33110.190
MinimumVisualStudioVersion = 10.0.40219.1
Project("{FAE04EC0-301F-11D3-BF4B-00C04F79EFBC}") = "Olio4", "Olio4\Olio4.csproj", "{9E54620A-E61D-4287-94C8-05BF9D0DB55B}"
EndProject
Global
	GlobalSection(SolutionConfigurationPlatforms) = preSolution
		Debug|Any CPU = Debug|Any CPU
		Release|Any CPU = Release|Any CPU
	EndGlobalSection
	GlobalSection(ProjectConfigurationPlatforms) = postSolution
		{9E54620A-E61D-4287-94C8-05BF9D0DB55B}.Debug|Any CPU.ActiveCfg = Debug|Any CPU
		{9E54620A-E61D-4287-94C8-05BF9D0DB55B}.Debug|Any CPU.Build.0 = Debug|Any CPU
		{9E54620A-E61D-4287-94C8-05BF9D0DB55B}.Release|Any CPU.ActiveCfg = Release|Any CPU
		{9E54620A-E61D-4287-94C8-05BF9D0DB55B}.Release|Any CPU.Build.0 = Release|Any CPU
	EndGlobalSection
	GlobalSection(SolutionProperties) = preSolution
		HideSolutionNode = FALSE
	EndGlobalSection
	GlobalSection(ExtensibilityGlobals) = postSolution
		SolutionGuid = {36C5DD5D-ACF5-4F05-9817-E577F5D1FF91}
	EndGlobalSection
EndGlobal
