
Microsoft Visual Studio Solution File, Format Version 12.00
# Visual Studio Version 17
VisualStudioVersion = 17.0.32112.339
MinimumVisualStudioVersion = 10.0.40219.1
Project("{FAE04EC0-301F-11D3-BF4B-00C04F79EFBC}") = "OmaNimi", "OmaNimi\OmaNimi.csproj", "{5FE1A800-0F80-48FB-97F6-3AADD2D4068E}"
EndProject
Global
	GlobalSection(SolutionConfigurationPlatforms) = preSolution
		Debug|Any CPU = Debug|Any CPU
		Release|Any CPU = Release|Any CPU
	EndGlobalSection
	GlobalSection(ProjectConfigurationPlatforms) = postSolution
		{5FE1A800-0F80-48FB-97F6-3AADD2D4068E}.Debug|Any CPU.ActiveCfg = Debug|Any CPU
		{5FE1A800-0F80-48FB-97F6-3AADD2D4068E}.Debug|Any CPU.Build.0 = Debug|Any CPU
		{5FE1A800-0F80-48FB-97F6-3AADD2D4068E}.Release|Any CPU.ActiveCfg = Release|Any CPU
		{5FE1A800-0F80-48FB-97F6-3AADD2D4068E}.Release|Any CPU.Build.0 = Release|Any CPU
	EndGlobalSection
	GlobalSection(SolutionProperties) = preSolution
		HideSolutionNode = FALSE
	EndGlobalSection
	GlobalSection(ExtensibilityGlobals) = postSolution
		SolutionGuid = {34485A4B-4298-416B-8AB3-454FF3940092}
	EndGlobalSection
EndGlobal
