
Microsoft Visual Studio Solution File, Format Version 12.00
# Visual Studio Version 17
VisualStudioVersion = 17.3.32922.545
MinimumVisualStudioVersion = 10.0.40219.1
Project("{FAE04EC0-301F-11D3-BF4B-00C04F79EFBC}") = "Oliotehtävä2 varasto", "Oliotehtävä2 varasto\Oliotehtävä2 varasto.csproj", "{F0635DB3-91FD-4676-AF1E-99D1AFEEA20D}"
EndProject
Global
	GlobalSection(SolutionConfigurationPlatforms) = preSolution
		Debug|Any CPU = Debug|Any CPU
		Release|Any CPU = Release|Any CPU
	EndGlobalSection
	GlobalSection(ProjectConfigurationPlatforms) = postSolution
		{F0635DB3-91FD-4676-AF1E-99D1AFEEA20D}.Debug|Any CPU.ActiveCfg = Debug|Any CPU
		{F0635DB3-91FD-4676-AF1E-99D1AFEEA20D}.Debug|Any CPU.Build.0 = Debug|Any CPU
		{F0635DB3-91FD-4676-AF1E-99D1AFEEA20D}.Release|Any CPU.ActiveCfg = Release|Any CPU
		{F0635DB3-91FD-4676-AF1E-99D1AFEEA20D}.Release|Any CPU.Build.0 = Release|Any CPU
	EndGlobalSection
	GlobalSection(SolutionProperties) = preSolution
		HideSolutionNode = FALSE
	EndGlobalSection
	GlobalSection(ExtensibilityGlobals) = postSolution
		SolutionGuid = {7C294727-F4DF-4194-ACAD-497F80DE04B6}
	EndGlobalSection
EndGlobal
