
Microsoft Visual Studio Solution File, Format Version 12.00
# Visual Studio Version 17
VisualStudioVersion = 17.0.32112.339
MinimumVisualStudioVersion = 10.0.40219.1
Project("{FAE04EC0-301F-11D3-BF4B-00C04F79EFBC}") = "1.1Tehtävä tulostaminen", "1.1Tehtävä tulostaminen\1.1Tehtävä tulostaminen.csproj", "{52DBBB3D-4B06-45FF-B3C8-9EC19E23EFEB}"
EndProject
Global
	GlobalSection(SolutionConfigurationPlatforms) = preSolution
		Debug|Any CPU = Debug|Any CPU
		Release|Any CPU = Release|Any CPU
	EndGlobalSection
	GlobalSection(ProjectConfigurationPlatforms) = postSolution
		{52DBBB3D-4B06-45FF-B3C8-9EC19E23EFEB}.Debug|Any CPU.ActiveCfg = Debug|Any CPU
		{52DBBB3D-4B06-45FF-B3C8-9EC19E23EFEB}.Debug|Any CPU.Build.0 = Debug|Any CPU
		{52DBBB3D-4B06-45FF-B3C8-9EC19E23EFEB}.Release|Any CPU.ActiveCfg = Release|Any CPU
		{52DBBB3D-4B06-45FF-B3C8-9EC19E23EFEB}.Release|Any CPU.Build.0 = Release|Any CPU
	EndGlobalSection
	GlobalSection(SolutionProperties) = preSolution
		HideSolutionNode = FALSE
	EndGlobalSection
	GlobalSection(ExtensibilityGlobals) = postSolution
		SolutionGuid = {C571EAA9-7E38-45D4-AAB1-B74C257791E6}
	EndGlobalSection
EndGlobal
